
Microsoft Visual Studio Solution File, Format Version 12.00
# Visual Studio Version 17
VisualStudioVersion = 17.14.36408.4
MinimumVisualStudioVersion = 10.0.40219.1
Project("{FAE04EC0-301F-11D3-BF4B-00C04F79EFBC}") = "Plenumio.Web", "Plenumio.Web\Plenumio.Web.csproj", "{942909DE-213B-4F2F-9A9F-DE68BD5226F9}"
EndProject
Project("{FAE04EC0-301F-11D3-BF4B-00C04F79EFBC}") = "Plenumio.Infrastructure", "Plenumio.Infrastructure\Plenumio.Infrastructure.csproj", "{2C3EE33D-3BFF-429A-8005-B0CC091015E2}"
EndProject
Project("{FAE04EC0-301F-11D3-BF4B-00C04F79EFBC}") = "Plenumio.Core", "Plenumio.Core\Plenumio.Core.csproj", "{8E710BDC-9F9C-4007-963E-D3340F165E1D}"
EndProject
Project("{FAE04EC0-301F-11D3-BF4B-00C04F79EFBC}") = "Plenumio.Application", "Plenumio.Application\Plenumio.Application.csproj", "{14CB3E85-5290-4A7C-B58A-9D33D091E1A0}"
EndProject
Global
	GlobalSection(SolutionConfigurationPlatforms) = preSolution
		Debug|Any CPU = Debug|Any CPU
		Release|Any CPU = Release|Any CPU
	EndGlobalSection
	GlobalSection(ProjectConfigurationPlatforms) = postSolution
		{942909DE-213B-4F2F-9A9F-DE68BD5226F9}.Debug|Any CPU.ActiveCfg = Debug|Any CPU
		{942909DE-213B-4F2F-9A9F-DE68BD5226F9}.Debug|Any CPU.Build.0 = Debug|Any CPU
		{942909DE-213B-4F2F-9A9F-DE68BD5226F9}.Release|Any CPU.ActiveCfg = Release|Any CPU
		{942909DE-213B-4F2F-9A9F-DE68BD5226F9}.Release|Any CPU.Build.0 = Release|Any CPU
		{2C3EE33D-3BFF-429A-8005-B0CC091015E2}.Debug|Any CPU.ActiveCfg = Debug|Any CPU
		{2C3EE33D-3BFF-429A-8005-B0CC091015E2}.Debug|Any CPU.Build.0 = Debug|Any CPU
		{2C3EE33D-3BFF-429A-8005-B0CC091015E2}.Release|Any CPU.ActiveCfg = Release|Any CPU
		{2C3EE33D-3BFF-429A-8005-B0CC091015E2}.Release|Any CPU.Build.0 = Release|Any CPU
		{8E710BDC-9F9C-4007-963E-D3340F165E1D}.Debug|Any CPU.ActiveCfg = Debug|Any CPU
		{8E710BDC-9F9C-4007-963E-D3340F165E1D}.Debug|Any CPU.Build.0 = Debug|Any CPU
		{8E710BDC-9F9C-4007-963E-D3340F165E1D}.Release|Any CPU.ActiveCfg = Release|Any CPU
		{8E710BDC-9F9C-4007-963E-D3340F165E1D}.Release|Any CPU.Build.0 = Release|Any CPU
		{14CB3E85-5290-4A7C-B58A-9D33D091E1A0}.Debug|Any CPU.ActiveCfg = Debug|Any CPU
		{14CB3E85-5290-4A7C-B58A-9D33D091E1A0}.Debug|Any CPU.Build.0 = Debug|Any CPU
		{14CB3E85-5290-4A7C-B58A-9D33D091E1A0}.Release|Any CPU.ActiveCfg = Release|Any CPU
		{14CB3E85-5290-4A7C-B58A-9D33D091E1A0}.Release|Any CPU.Build.0 = Release|Any CPU
	EndGlobalSection
	GlobalSection(SolutionProperties) = preSolution
		HideSolutionNode = FALSE
	EndGlobalSection
	GlobalSection(ExtensibilityGlobals) = postSolution
		SolutionGuid = {76CBF97F-72D5-4812-BF2C-FB5558D25405}
	EndGlobalSection
EndGlobal
